// !$*UTF8*$!
{
	archiveVersion = 1;
	classes = {
	};
	objectVersion = 56;
	objects = {

/* Begin PBXBuildFile section */
		70CF8EE42AD99A71006E4971 /* WeekWeatherView.swift in Sources */ = {isa = PBXBuildFile; fileRef = 70CF8EE32AD99A71006E4971 /* WeekWeatherView.swift */; };
		70CF8EE62AD9BC19006E4971 /* WeekWeatherView+TableView.swift in Sources */ = {isa = PBXBuildFile; fileRef = 70CF8EE52AD9BC19006E4971 /* WeekWeatherView+TableView.swift */; };
		70CF8EE92AD9C334006E4971 /* DailyWeatherCell.swift in Sources */ = {isa = PBXBuildFile; fileRef = 70CF8EE82AD9C334006E4971 /* DailyWeatherCell.swift */; };
		70CF8EEB2ADA822E006E4971 /* DoubleExtensions.swift in Sources */ = {isa = PBXBuildFile; fileRef = 70CF8EEA2ADA822E006E4971 /* DoubleExtensions.swift */; };
		70CF8EED2ADA82E1006E4971 /* WeekWeatherVIewModel.swift in Sources */ = {isa = PBXBuildFile; fileRef = 70CF8EEC2ADA82E1006E4971 /* WeekWeatherVIewModel.swift */; };
		70CF8EEF2ADA8701006E4971 /* MainViewController+WeekWeatherView.swift in Sources */ = {isa = PBXBuildFile; fileRef = 70CF8EEE2ADA8701006E4971 /* MainViewController+WeekWeatherView.swift */; };
		70CF8EF12ADAA1D2006E4971 /* WeekWeatherView+CollectionView.swift in Sources */ = {isa = PBXBuildFile; fileRef = 70CF8EF02ADAA1D2006E4971 /* WeekWeatherView+CollectionView.swift */; };
		70F9B83B2AD6F21F00BE24F4 /* NetworkConstant.swift in Sources */ = {isa = PBXBuildFile; fileRef = 70F9B83A2AD6F21F00BE24F4 /* NetworkConstant.swift */; };
		70F9B83D2AD6F4D500BE24F4 /* Observable.swift in Sources */ = {isa = PBXBuildFile; fileRef = 70F9B83C2AD6F4D500BE24F4 /* Observable.swift */; };
		70F9B83F2AD6F4F400BE24F4 /* APICaller.swift in Sources */ = {isa = PBXBuildFile; fileRef = 70F9B83E2AD6F4F400BE24F4 /* APICaller.swift */; };
		70F9B8412AD818B600BE24F4 /* CurrentWeatherViewModel.swift in Sources */ = {isa = PBXBuildFile; fileRef = 70F9B8402AD818B600BE24F4 /* CurrentWeatherViewModel.swift */; };
		70F9B8692AD8453E00BE24F4 /* MainViewController.swift in Sources */ = {isa = PBXBuildFile; fileRef = 70F9B8682AD8453E00BE24F4 /* MainViewController.swift */; };
		70F9B86C2AD84F7300BE24F4 /* MainViewController+CurrentWeatherView.swift in Sources */ = {isa = PBXBuildFile; fileRef = 70F9B86B2AD84F7300BE24F4 /* MainViewController+CurrentWeatherView.swift */; };
		70F9B8702AD863AC00BE24F4 /* CurrentWeatherView.swift in Sources */ = {isa = PBXBuildFile; fileRef = 70F9B86F2AD863AC00BE24F4 /* CurrentWeatherView.swift */; };
		70F9B8762AD867C800BE24F4 /* SnapKit in Frameworks */ = {isa = PBXBuildFile; productRef = 70F9B8752AD867C800BE24F4 /* SnapKit */; };
		70F9B8782AD867C800BE24F4 /* SnapKit-Dynamic in Frameworks */ = {isa = PBXBuildFile; productRef = 70F9B8772AD867C800BE24F4 /* SnapKit-Dynamic */; };
		70F9B87A2AD9288E00BE24F4 /* UIColorExtensions.swift in Sources */ = {isa = PBXBuildFile; fileRef = 70F9B8792AD9288E00BE24F4 /* UIColorExtensions.swift */; };
		70F9B87C2AD92C8400BE24F4 /* MainViewModel.swift in Sources */ = {isa = PBXBuildFile; fileRef = 70F9B87B2AD92C8400BE24F4 /* MainViewModel.swift */; };
		70F9B87E2AD9382100BE24F4 /* UIViewExtensions.swift in Sources */ = {isa = PBXBuildFile; fileRef = 70F9B87D2AD9382100BE24F4 /* UIViewExtensions.swift */; };
		70F9B8882AD9427B00BE24F4 /* DailyWeatherCellViewModel.swift in Sources */ = {isa = PBXBuildFile; fileRef = 70F9B8872AD9427B00BE24F4 /* DailyWeatherCellViewModel.swift */; };
		70FF6C8C2A7104B200D74419 /* City.swift in Sources */ = {isa = PBXBuildFile; fileRef = 70FF6C8B2A7104B200D74419 /* City.swift */; };
		CE1412B02A55EE7100655434 /* currentWeather in Resources */ = {isa = PBXBuildFile; fileRef = CE1412AF2A55EE7100655434 /* currentWeather */; };
		CE1412B22A55FF5900655434 /* 5 days weather in Resources */ = {isa = PBXBuildFile; fileRef = CE1412B12A55FF5900655434 /* 5 days weather */; };
		CE1412B42A56037000655434 /* Поддерживаемые языки in Resources */ = {isa = PBXBuildFile; fileRef = CE1412B32A56037000655434 /* Поддерживаемые языки */; };
		CE1412B62A568A0900655434 /* Geocoding API in Resources */ = {isa = PBXBuildFile; fileRef = CE1412B52A568A0900655434 /* Geocoding API */; };
		CE1412BD2A56C94000655434 /* Geocoding.swift in Sources */ = {isa = PBXBuildFile; fileRef = CE1412BC2A56C94000655434 /* Geocoding.swift */; };
		CEA0BC442A4AB40D002E1911 /* AppDelegate.swift in Sources */ = {isa = PBXBuildFile; fileRef = CEA0BC432A4AB40D002E1911 /* AppDelegate.swift */; };
		CEA0BC502A4AB40F002E1911 /* Assets.xcassets in Resources */ = {isa = PBXBuildFile; fileRef = CEA0BC4F2A4AB40F002E1911 /* Assets.xcassets */; };
		CEA0BC5C2A4AB42A002E1911 /* Alamofire in Frameworks */ = {isa = PBXBuildFile; productRef = CEA0BC5B2A4AB42A002E1911 /* Alamofire */; };
		CEA0BC652A4AB574002E1911 /* APIData.swift in Sources */ = {isa = PBXBuildFile; fileRef = CEA0BC642A4AB574002E1911 /* APIData.swift */; };
		CEC39C012A680DB600CEB92A /* Models.swift in Sources */ = {isa = PBXBuildFile; fileRef = CEC39C002A680DB600CEB92A /* Models.swift */; };
/* End PBXBuildFile section */

/* Begin PBXFileReference section */
		70CF8EE32AD99A71006E4971 /* WeekWeatherView.swift */ = {isa = PBXFileReference; lastKnownFileType = sourcecode.swift; path = WeekWeatherView.swift; sourceTree = "<group>"; };
		70CF8EE52AD9BC19006E4971 /* WeekWeatherView+TableView.swift */ = {isa = PBXFileReference; lastKnownFileType = sourcecode.swift; path = "WeekWeatherView+TableView.swift"; sourceTree = "<group>"; };
		70CF8EE82AD9C334006E4971 /* DailyWeatherCell.swift */ = {isa = PBXFileReference; lastKnownFileType = sourcecode.swift; path = DailyWeatherCell.swift; sourceTree = "<group>"; };
		70CF8EEA2ADA822E006E4971 /* DoubleExtensions.swift */ = {isa = PBXFileReference; lastKnownFileType = sourcecode.swift; path = DoubleExtensions.swift; sourceTree = "<group>"; };
		70CF8EEC2ADA82E1006E4971 /* WeekWeatherVIewModel.swift */ = {isa = PBXFileReference; lastKnownFileType = sourcecode.swift; path = WeekWeatherVIewModel.swift; sourceTree = "<group>"; };
		70CF8EEE2ADA8701006E4971 /* MainViewController+WeekWeatherView.swift */ = {isa = PBXFileReference; lastKnownFileType = sourcecode.swift; path = "MainViewController+WeekWeatherView.swift"; sourceTree = "<group>"; };
		70CF8EF02ADAA1D2006E4971 /* WeekWeatherView+CollectionView.swift */ = {isa = PBXFileReference; lastKnownFileType = sourcecode.swift; path = "WeekWeatherView+CollectionView.swift"; sourceTree = "<group>"; };
		70F9B83A2AD6F21F00BE24F4 /* NetworkConstant.swift */ = {isa = PBXFileReference; lastKnownFileType = sourcecode.swift; path = NetworkConstant.swift; sourceTree = "<group>"; };
		70F9B83C2AD6F4D500BE24F4 /* Observable.swift */ = {isa = PBXFileReference; lastKnownFileType = sourcecode.swift; path = Observable.swift; sourceTree = "<group>"; };
		70F9B83E2AD6F4F400BE24F4 /* APICaller.swift */ = {isa = PBXFileReference; lastKnownFileType = sourcecode.swift; path = APICaller.swift; sourceTree = "<group>"; };
		70F9B8402AD818B600BE24F4 /* CurrentWeatherViewModel.swift */ = {isa = PBXFileReference; lastKnownFileType = sourcecode.swift; path = CurrentWeatherViewModel.swift; sourceTree = "<group>"; };
		70F9B8682AD8453E00BE24F4 /* MainViewController.swift */ = {isa = PBXFileReference; lastKnownFileType = sourcecode.swift; path = MainViewController.swift; sourceTree = "<group>"; };
		70F9B86B2AD84F7300BE24F4 /* MainViewController+CurrentWeatherView.swift */ = {isa = PBXFileReference; lastKnownFileType = sourcecode.swift; path = "MainViewController+CurrentWeatherView.swift"; sourceTree = "<group>"; };
		70F9B86F2AD863AC00BE24F4 /* CurrentWeatherView.swift */ = {isa = PBXFileReference; lastKnownFileType = sourcecode.swift; path = CurrentWeatherView.swift; sourceTree = "<group>"; };
		70F9B8792AD9288E00BE24F4 /* UIColorExtensions.swift */ = {isa = PBXFileReference; lastKnownFileType = sourcecode.swift; path = UIColorExtensions.swift; sourceTree = "<group>"; };
		70F9B87B2AD92C8400BE24F4 /* MainViewModel.swift */ = {isa = PBXFileReference; lastKnownFileType = sourcecode.swift; path = MainViewModel.swift; sourceTree = "<group>"; };
		70F9B87D2AD9382100BE24F4 /* UIViewExtensions.swift */ = {isa = PBXFileReference; lastKnownFileType = sourcecode.swift; path = UIViewExtensions.swift; sourceTree = "<group>"; };
		70F9B8872AD9427B00BE24F4 /* DailyWeatherCellViewModel.swift */ = {isa = PBXFileReference; lastKnownFileType = sourcecode.swift; path = DailyWeatherCellViewModel.swift; sourceTree = "<group>"; };
		70FF6C8B2A7104B200D74419 /* City.swift */ = {isa = PBXFileReference; lastKnownFileType = sourcecode.swift; path = City.swift; sourceTree = "<group>"; };
		CE1412AF2A55EE7100655434 /* currentWeather */ = {isa = PBXFileReference; lastKnownFileType = text; path = currentWeather; sourceTree = "<group>"; };
		CE1412B12A55FF5900655434 /* 5 days weather */ = {isa = PBXFileReference; lastKnownFileType = text; path = "5 days weather"; sourceTree = "<group>"; };
		CE1412B32A56037000655434 /* Поддерживаемые языки */ = {isa = PBXFileReference; lastKnownFileType = text; path = "Поддерживаемые языки"; sourceTree = "<group>"; };
		CE1412B52A568A0900655434 /* Geocoding API */ = {isa = PBXFileReference; lastKnownFileType = text; path = "Geocoding API"; sourceTree = "<group>"; };
		CE1412BC2A56C94000655434 /* Geocoding.swift */ = {isa = PBXFileReference; lastKnownFileType = sourcecode.swift; path = Geocoding.swift; sourceTree = "<group>"; };
		CEA0BC402A4AB40D002E1911 /* WeatherApp.app */ = {isa = PBXFileReference; explicitFileType = wrapper.application; includeInIndex = 0; path = WeatherApp.app; sourceTree = BUILT_PRODUCTS_DIR; };
		CEA0BC432A4AB40D002E1911 /* AppDelegate.swift */ = {isa = PBXFileReference; lastKnownFileType = sourcecode.swift; path = AppDelegate.swift; sourceTree = "<group>"; };
		CEA0BC4F2A4AB40F002E1911 /* Assets.xcassets */ = {isa = PBXFileReference; lastKnownFileType = folder.assetcatalog; path = Assets.xcassets; sourceTree = "<group>"; };
		CEA0BC542A4AB40F002E1911 /* Info.plist */ = {isa = PBXFileReference; lastKnownFileType = text.plist.xml; path = Info.plist; sourceTree = "<group>"; };
		CEA0BC642A4AB574002E1911 /* APIData.swift */ = {isa = PBXFileReference; lastKnownFileType = sourcecode.swift; path = APIData.swift; sourceTree = "<group>"; };
		CEC39C002A680DB600CEB92A /* Models.swift */ = {isa = PBXFileReference; lastKnownFileType = sourcecode.swift; path = Models.swift; sourceTree = "<group>"; };
/* End PBXFileReference section */

/* Begin PBXFrameworksBuildPhase section */
		CEA0BC3D2A4AB40D002E1911 /* Frameworks */ = {
			isa = PBXFrameworksBuildPhase;
			buildActionMask = 2147483647;
			files = (
				CEA0BC5C2A4AB42A002E1911 /* Alamofire in Frameworks */,
				70F9B8762AD867C800BE24F4 /* SnapKit in Frameworks */,
				70F9B8782AD867C800BE24F4 /* SnapKit-Dynamic in Frameworks */,
			);
			runOnlyForDeploymentPostprocessing = 0;
		};
/* End PBXFrameworksBuildPhase section */

/* Begin PBXGroup section */
		70CF8EE72AD9C30C006E4971 /* DailyWeatherCell */ = {
			isa = PBXGroup;
			children = (
				70CF8EE82AD9C334006E4971 /* DailyWeatherCell.swift */,
			);
			path = DailyWeatherCell;
			sourceTree = "<group>";
		};
		70F9B8342AD6ED3000BE24F4 /* Documentation */ = {
			isa = PBXGroup;
			children = (
				CE1412AF2A55EE7100655434 /* currentWeather */,
				CE1412B12A55FF5900655434 /* 5 days weather */,
				CE1412B32A56037000655434 /* Поддерживаемые языки */,
				CE1412B52A568A0900655434 /* Geocoding API */,
			);
			path = Documentation;
			sourceTree = "<group>";
		};
		70F9B8352AD6F17A00BE24F4 /* Resources */ = {
			isa = PBXGroup;
			children = (
				CEA0BC4F2A4AB40F002E1911 /* Assets.xcassets */,
			);
			path = Resources;
			sourceTree = "<group>";
		};
		70F9B8362AD6F19600BE24F4 /* Networking */ = {
			isa = PBXGroup;
			children = (
				70F9B83A2AD6F21F00BE24F4 /* NetworkConstant.swift */,
				70F9B83E2AD6F4F400BE24F4 /* APICaller.swift */,
			);
			path = Networking;
			sourceTree = "<group>";
		};
		70F9B8372AD6F1A500BE24F4 /* Extensions */ = {
			isa = PBXGroup;
			children = (
				70F9B8792AD9288E00BE24F4 /* UIColorExtensions.swift */,
				70F9B87D2AD9382100BE24F4 /* UIViewExtensions.swift */,
				70CF8EEA2ADA822E006E4971 /* DoubleExtensions.swift */,
			);
			path = Extensions;
			sourceTree = "<group>";
		};
		70F9B8382AD6F1B500BE24F4 /* Classes */ = {
			isa = PBXGroup;
			children = (
				70F9B83C2AD6F4D500BE24F4 /* Observable.swift */,
			);
			path = Classes;
			sourceTree = "<group>";
		};
		70F9B8392AD6F1C200BE24F4 /* View Models */ = {
			isa = PBXGroup;
			children = (
				70F9B87B2AD92C8400BE24F4 /* MainViewModel.swift */,
				70F9B8402AD818B600BE24F4 /* CurrentWeatherViewModel.swift */,
				70F9B8872AD9427B00BE24F4 /* DailyWeatherCellViewModel.swift */,
				70CF8EEC2ADA82E1006E4971 /* WeekWeatherVIewModel.swift */,
			);
			path = "View Models";
			sourceTree = "<group>";
		};
		70F9B8652AD8441C00BE24F4 /* Views */ = {
			isa = PBXGroup;
			children = (
				70CF8EE72AD9C30C006E4971 /* DailyWeatherCell */,
				70F9B8732AD8646600BE24F4 /* WeekWeatherView */,
				70F9B8712AD863E700BE24F4 /* CurrentWeatherView */,
			);
			path = Views;
			sourceTree = "<group>";
		};
		70F9B8662AD8443C00BE24F4 /* Controllers */ = {
			isa = PBXGroup;
			children = (
				70F9B86A2AD84F5800BE24F4 /* MainViewController */,
			);
			path = Controllers;
			sourceTree = "<group>";
		};
		70F9B8672AD8444200BE24F4 /* Models */ = {
			isa = PBXGroup;
			children = (
				CEC39C002A680DB600CEB92A /* Models.swift */,
				CE1412BC2A56C94000655434 /* Geocoding.swift */,
				70FF6C8B2A7104B200D74419 /* City.swift */,
				CEA0BC642A4AB574002E1911 /* APIData.swift */,
			);
			path = Models;
			sourceTree = "<group>";
		};
		70F9B86A2AD84F5800BE24F4 /* MainViewController */ = {
			isa = PBXGroup;
			children = (
				70F9B8682AD8453E00BE24F4 /* MainViewController.swift */,
				70F9B86B2AD84F7300BE24F4 /* MainViewController+CurrentWeatherView.swift */,
				70CF8EEE2ADA8701006E4971 /* MainViewController+WeekWeatherView.swift */,
			);
			path = MainViewController;
			sourceTree = "<group>";
		};
		70F9B8712AD863E700BE24F4 /* CurrentWeatherView */ = {
			isa = PBXGroup;
			children = (
				70F9B86F2AD863AC00BE24F4 /* CurrentWeatherView.swift */,
			);
			path = CurrentWeatherView;
			sourceTree = "<group>";
		};
		70F9B8732AD8646600BE24F4 /* WeekWeatherView */ = {
			isa = PBXGroup;
			children = (
				70CF8EE32AD99A71006E4971 /* WeekWeatherView.swift */,
				70CF8EE52AD9BC19006E4971 /* WeekWeatherView+TableView.swift */,
				70CF8EF02ADAA1D2006E4971 /* WeekWeatherView+CollectionView.swift */,
			);
			path = WeekWeatherView;
			sourceTree = "<group>";
		};
		CEA0BC372A4AB40D002E1911 = {
			isa = PBXGroup;
			children = (
				CEA0BC422A4AB40D002E1911 /* WeatherApp */,
				CEA0BC412A4AB40D002E1911 /* Products */,
			);
			sourceTree = "<group>";
		};
		CEA0BC412A4AB40D002E1911 /* Products */ = {
			isa = PBXGroup;
			children = (
				CEA0BC402A4AB40D002E1911 /* WeatherApp.app */,
			);
			name = Products;
			sourceTree = "<group>";
		};
		CEA0BC422A4AB40D002E1911 /* WeatherApp */ = {
			isa = PBXGroup;
			children = (
				70F9B8672AD8444200BE24F4 /* Models */,
				70F9B8662AD8443C00BE24F4 /* Controllers */,
				70F9B8652AD8441C00BE24F4 /* Views */,
				70F9B8362AD6F19600BE24F4 /* Networking */,
				70F9B8372AD6F1A500BE24F4 /* Extensions */,
				70F9B8352AD6F17A00BE24F4 /* Resources */,
				70F9B8382AD6F1B500BE24F4 /* Classes */,
				70F9B8392AD6F1C200BE24F4 /* View Models */,
				70F9B8342AD6ED3000BE24F4 /* Documentation */,
				CEA0BC432A4AB40D002E1911 /* AppDelegate.swift */,
				CEA0BC542A4AB40F002E1911 /* Info.plist */,
			);
			path = WeatherApp;
			sourceTree = "<group>";
		};
/* End PBXGroup section */

/* Begin PBXNativeTarget section */
		CEA0BC3F2A4AB40D002E1911 /* WeatherApp */ = {
			isa = PBXNativeTarget;
			buildConfigurationList = CEA0BC572A4AB40F002E1911 /* Build configuration list for PBXNativeTarget "WeatherApp" */;
			buildPhases = (
				CEA0BC3C2A4AB40D002E1911 /* Sources */,
				CEA0BC3D2A4AB40D002E1911 /* Frameworks */,
				CEA0BC3E2A4AB40D002E1911 /* Resources */,
			);
			buildRules = (
			);
			dependencies = (
			);
			name = WeatherApp;
			packageProductDependencies = (
				CEA0BC5B2A4AB42A002E1911 /* Alamofire */,
				70F9B8752AD867C800BE24F4 /* SnapKit */,
				70F9B8772AD867C800BE24F4 /* SnapKit-Dynamic */,
			);
			productName = WeatherApp;
			productReference = CEA0BC402A4AB40D002E1911 /* WeatherApp.app */;
			productType = "com.apple.product-type.application";
		};
/* End PBXNativeTarget section */

/* Begin PBXProject section */
		CEA0BC382A4AB40D002E1911 /* Project object */ = {
			isa = PBXProject;
			attributes = {
				BuildIndependentTargetsInParallel = 1;
				LastSwiftUpdateCheck = 1420;
				LastUpgradeCheck = 1420;
				TargetAttributes = {
					CEA0BC3F2A4AB40D002E1911 = {
						CreatedOnToolsVersion = 14.2;
					};
				};
			};
			buildConfigurationList = CEA0BC3B2A4AB40D002E1911 /* Build configuration list for PBXProject "WeatherApp" */;
			compatibilityVersion = "Xcode 14.0";
			developmentRegion = en;
			hasScannedForEncodings = 0;
			knownRegions = (
				en,
				Base,
			);
			mainGroup = CEA0BC372A4AB40D002E1911;
			packageReferences = (
				CEA0BC5A2A4AB42A002E1911 /* XCRemoteSwiftPackageReference "Alamofire" */,
				70F9B8742AD867C800BE24F4 /* XCRemoteSwiftPackageReference "SnapKit" */,
			);
			productRefGroup = CEA0BC412A4AB40D002E1911 /* Products */;
			projectDirPath = "";
			projectRoot = "";
			targets = (
				CEA0BC3F2A4AB40D002E1911 /* WeatherApp */,
			);
		};
/* End PBXProject section */

/* Begin PBXResourcesBuildPhase section */
		CEA0BC3E2A4AB40D002E1911 /* Resources */ = {
			isa = PBXResourcesBuildPhase;
			buildActionMask = 2147483647;
			files = (
				CE1412B42A56037000655434 /* Поддерживаемые языки in Resources */,
				CE1412B02A55EE7100655434 /* currentWeather in Resources */,
				CE1412B62A568A0900655434 /* Geocoding API in Resources */,
				CE1412B22A55FF5900655434 /* 5 days weather in Resources */,
				CEA0BC502A4AB40F002E1911 /* Assets.xcassets in Resources */,
			);
			runOnlyForDeploymentPostprocessing = 0;
		};
/* End PBXResourcesBuildPhase section */

/* Begin PBXSourcesBuildPhase section */
		CEA0BC3C2A4AB40D002E1911 /* Sources */ = {
			isa = PBXSourcesBuildPhase;
			buildActionMask = 2147483647;
			files = (
				70F9B8692AD8453E00BE24F4 /* MainViewController.swift in Sources */,
				CEA0BC652A4AB574002E1911 /* APIData.swift in Sources */,
				70CF8EE92AD9C334006E4971 /* DailyWeatherCell.swift in Sources */,
				70F9B87A2AD9288E00BE24F4 /* UIColorExtensions.swift in Sources */,
				70CF8EF12ADAA1D2006E4971 /* WeekWeatherView+CollectionView.swift in Sources */,
				CE1412BD2A56C94000655434 /* Geocoding.swift in Sources */,
				70CF8EEF2ADA8701006E4971 /* MainViewController+WeekWeatherView.swift in Sources */,
				70F9B83F2AD6F4F400BE24F4 /* APICaller.swift in Sources */,
				70F9B83B2AD6F21F00BE24F4 /* NetworkConstant.swift in Sources */,
				70F9B87C2AD92C8400BE24F4 /* MainViewModel.swift in Sources */,
				CEA0BC442A4AB40D002E1911 /* AppDelegate.swift in Sources */,
				70F9B83D2AD6F4D500BE24F4 /* Observable.swift in Sources */,
				70F9B86C2AD84F7300BE24F4 /* MainViewController+CurrentWeatherView.swift in Sources */,
				70F9B87E2AD9382100BE24F4 /* UIViewExtensions.swift in Sources */,
				70CF8EEB2ADA822E006E4971 /* DoubleExtensions.swift in Sources */,
				70CF8EE62AD9BC19006E4971 /* WeekWeatherView+TableView.swift in Sources */,
				70F9B8702AD863AC00BE24F4 /* CurrentWeatherView.swift in Sources */,
				CEC39C012A680DB600CEB92A /* Models.swift in Sources */,
				70FF6C8C2A7104B200D74419 /* City.swift in Sources */,
				70CF8EED2ADA82E1006E4971 /* WeekWeatherVIewModel.swift in Sources */,
				70F9B8882AD9427B00BE24F4 /* DailyWeatherCellViewModel.swift in Sources */,
				70CF8EE42AD99A71006E4971 /* WeekWeatherView.swift in Sources */,
				70F9B8412AD818B600BE24F4 /* CurrentWeatherViewModel.swift in Sources */,
			);
			runOnlyForDeploymentPostprocessing = 0;
		};
/* End PBXSourcesBuildPhase section */

/* Begin XCBuildConfiguration section */
		CEA0BC552A4AB40F002E1911 /* Debug */ = {
			isa = XCBuildConfiguration;
			buildSettings = {
				ALWAYS_SEARCH_USER_PATHS = NO;
				CLANG_ANALYZER_NONNULL = YES;
				CLANG_ANALYZER_NUMBER_OBJECT_CONVERSION = YES_AGGRESSIVE;
				CLANG_CXX_LANGUAGE_STANDARD = "gnu++20";
				CLANG_ENABLE_MODULES = YES;
				CLANG_ENABLE_OBJC_ARC = YES;
				CLANG_ENABLE_OBJC_WEAK = YES;
				CLANG_WARN_BLOCK_CAPTURE_AUTORELEASING = YES;
				CLANG_WARN_BOOL_CONVERSION = YES;
				CLANG_WARN_COMMA = YES;
				CLANG_WARN_CONSTANT_CONVERSION = YES;
				CLANG_WARN_DEPRECATED_OBJC_IMPLEMENTATIONS = YES;
				CLANG_WARN_DIRECT_OBJC_ISA_USAGE = YES_ERROR;
				CLANG_WARN_DOCUMENTATION_COMMENTS = YES;
				CLANG_WARN_EMPTY_BODY = YES;
				CLANG_WARN_ENUM_CONVERSION = YES;
				CLANG_WARN_INFINITE_RECURSION = YES;
				CLANG_WARN_INT_CONVERSION = YES;
				CLANG_WARN_NON_LITERAL_NULL_CONVERSION = YES;
				CLANG_WARN_OBJC_IMPLICIT_RETAIN_SELF = YES;
				CLANG_WARN_OBJC_LITERAL_CONVERSION = YES;
				CLANG_WARN_OBJC_ROOT_CLASS = YES_ERROR;
				CLANG_WARN_QUOTED_INCLUDE_IN_FRAMEWORK_HEADER = YES;
				CLANG_WARN_RANGE_LOOP_ANALYSIS = YES;
				CLANG_WARN_STRICT_PROTOTYPES = YES;
				CLANG_WARN_SUSPICIOUS_MOVE = YES;
				CLANG_WARN_UNGUARDED_AVAILABILITY = YES_AGGRESSIVE;
				CLANG_WARN_UNREACHABLE_CODE = YES;
				CLANG_WARN__DUPLICATE_METHOD_MATCH = YES;
				COPY_PHASE_STRIP = NO;
				DEBUG_INFORMATION_FORMAT = dwarf;
				ENABLE_STRICT_OBJC_MSGSEND = YES;
				ENABLE_TESTABILITY = YES;
				GCC_C_LANGUAGE_STANDARD = gnu11;
				GCC_DYNAMIC_NO_PIC = NO;
				GCC_NO_COMMON_BLOCKS = YES;
				GCC_OPTIMIZATION_LEVEL = 0;
				GCC_PREPROCESSOR_DEFINITIONS = (
					"DEBUG=1",
					"$(inherited)",
				);
				GCC_WARN_64_TO_32_BIT_CONVERSION = YES;
				GCC_WARN_ABOUT_RETURN_TYPE = YES_ERROR;
				GCC_WARN_UNDECLARED_SELECTOR = YES;
				GCC_WARN_UNINITIALIZED_AUTOS = YES_AGGRESSIVE;
				GCC_WARN_UNUSED_FUNCTION = YES;
				GCC_WARN_UNUSED_VARIABLE = YES;
				IPHONEOS_DEPLOYMENT_TARGET = 16.2;
				MTL_ENABLE_DEBUG_INFO = INCLUDE_SOURCE;
				MTL_FAST_MATH = YES;
				ONLY_ACTIVE_ARCH = YES;
				SDKROOT = iphoneos;
				SWIFT_ACTIVE_COMPILATION_CONDITIONS = DEBUG;
				SWIFT_OPTIMIZATION_LEVEL = "-Onone";
			};
			name = Debug;
		};
		CEA0BC562A4AB40F002E1911 /* Release */ = {
			isa = XCBuildConfiguration;
			buildSettings = {
				ALWAYS_SEARCH_USER_PATHS = NO;
				CLANG_ANALYZER_NONNULL = YES;
				CLANG_ANALYZER_NUMBER_OBJECT_CONVERSION = YES_AGGRESSIVE;
				CLANG_CXX_LANGUAGE_STANDARD = "gnu++20";
				CLANG_ENABLE_MODULES = YES;
				CLANG_ENABLE_OBJC_ARC = YES;
				CLANG_ENABLE_OBJC_WEAK = YES;
				CLANG_WARN_BLOCK_CAPTURE_AUTORELEASING = YES;
				CLANG_WARN_BOOL_CONVERSION = YES;
				CLANG_WARN_COMMA = YES;
				CLANG_WARN_CONSTANT_CONVERSION = YES;
				CLANG_WARN_DEPRECATED_OBJC_IMPLEMENTATIONS = YES;
				CLANG_WARN_DIRECT_OBJC_ISA_USAGE = YES_ERROR;
				CLANG_WARN_DOCUMENTATION_COMMENTS = YES;
				CLANG_WARN_EMPTY_BODY = YES;
				CLANG_WARN_ENUM_CONVERSION = YES;
				CLANG_WARN_INFINITE_RECURSION = YES;
				CLANG_WARN_INT_CONVERSION = YES;
				CLANG_WARN_NON_LITERAL_NULL_CONVERSION = YES;
				CLANG_WARN_OBJC_IMPLICIT_RETAIN_SELF = YES;
				CLANG_WARN_OBJC_LITERAL_CONVERSION = YES;
				CLANG_WARN_OBJC_ROOT_CLASS = YES_ERROR;
				CLANG_WARN_QUOTED_INCLUDE_IN_FRAMEWORK_HEADER = YES;
				CLANG_WARN_RANGE_LOOP_ANALYSIS = YES;
				CLANG_WARN_STRICT_PROTOTYPES = YES;
				CLANG_WARN_SUSPICIOUS_MOVE = YES;
				CLANG_WARN_UNGUARDED_AVAILABILITY = YES_AGGRESSIVE;
				CLANG_WARN_UNREACHABLE_CODE = YES;
				CLANG_WARN__DUPLICATE_METHOD_MATCH = YES;
				COPY_PHASE_STRIP = NO;
				DEBUG_INFORMATION_FORMAT = "dwarf-with-dsym";
				ENABLE_NS_ASSERTIONS = NO;
				ENABLE_STRICT_OBJC_MSGSEND = YES;
				GCC_C_LANGUAGE_STANDARD = gnu11;
				GCC_NO_COMMON_BLOCKS = YES;
				GCC_WARN_64_TO_32_BIT_CONVERSION = YES;
				GCC_WARN_ABOUT_RETURN_TYPE = YES_ERROR;
				GCC_WARN_UNDECLARED_SELECTOR = YES;
				GCC_WARN_UNINITIALIZED_AUTOS = YES_AGGRESSIVE;
				GCC_WARN_UNUSED_FUNCTION = YES;
				GCC_WARN_UNUSED_VARIABLE = YES;
				IPHONEOS_DEPLOYMENT_TARGET = 16.2;
				MTL_ENABLE_DEBUG_INFO = NO;
				MTL_FAST_MATH = YES;
				SDKROOT = iphoneos;
				SWIFT_COMPILATION_MODE = wholemodule;
				SWIFT_OPTIMIZATION_LEVEL = "-O";
				VALIDATE_PRODUCT = YES;
			};
			name = Release;
		};
		CEA0BC582A4AB40F002E1911 /* Debug */ = {
			isa = XCBuildConfiguration;
			buildSettings = {
				ASSETCATALOG_COMPILER_APPICON_NAME = AppIcon;
				ASSETCATALOG_COMPILER_GLOBAL_ACCENT_COLOR_NAME = AccentColor;
				CODE_SIGN_STYLE = Automatic;
				CURRENT_PROJECT_VERSION = 1;
				DEVELOPMENT_TEAM = 5Z86D58HPL;
				GENERATE_INFOPLIST_FILE = YES;
				INFOPLIST_FILE = WeatherApp/Info.plist;
				INFOPLIST_KEY_UIApplicationSupportsIndirectInputEvents = YES;
				INFOPLIST_KEY_UILaunchStoryboardName = LaunchScreen;
				INFOPLIST_KEY_UISupportedInterfaceOrientations_iPad = "UIInterfaceOrientationPortrait UIInterfaceOrientationPortraitUpsideDown UIInterfaceOrientationLandscapeLeft UIInterfaceOrientationLandscapeRight";
				INFOPLIST_KEY_UISupportedInterfaceOrientations_iPhone = "UIInterfaceOrientationPortrait UIInterfaceOrientationLandscapeLeft UIInterfaceOrientationLandscapeRight";
				LD_RUNPATH_SEARCH_PATHS = (
					"$(inherited)",
					"@executable_path/Frameworks",
				);
				MARKETING_VERSION = 1.0;
				PRODUCT_BUNDLE_IDENTIFIER = com.bikmurzin.WeatherApp;
				PRODUCT_NAME = "$(TARGET_NAME)";
				SWIFT_EMIT_LOC_STRINGS = YES;
				SWIFT_VERSION = 5.0;
				TARGETED_DEVICE_FAMILY = "1,2";
			};
			name = Debug;
		};
		CEA0BC592A4AB40F002E1911 /* Release */ = {
			isa = XCBuildConfiguration;
			buildSettings = {
				ASSETCATALOG_COMPILER_APPICON_NAME = AppIcon;
				ASSETCATALOG_COMPILER_GLOBAL_ACCENT_COLOR_NAME = AccentColor;
				CODE_SIGN_STYLE = Automatic;
				CURRENT_PROJECT_VERSION = 1;
				DEVELOPMENT_TEAM = 5Z86D58HPL;
				GENERATE_INFOPLIST_FILE = YES;
				INFOPLIST_FILE = WeatherApp/Info.plist;
				INFOPLIST_KEY_UIApplicationSupportsIndirectInputEvents = YES;
				INFOPLIST_KEY_UILaunchStoryboardName = LaunchScreen;
				INFOPLIST_KEY_UISupportedInterfaceOrientations_iPad = "UIInterfaceOrientationPortrait UIInterfaceOrientationPortraitUpsideDown UIInterfaceOrientationLandscapeLeft UIInterfaceOrientationLandscapeRight";
				INFOPLIST_KEY_UISupportedInterfaceOrientations_iPhone = "UIInterfaceOrientationPortrait UIInterfaceOrientationLandscapeLeft UIInterfaceOrientationLandscapeRight";
				LD_RUNPATH_SEARCH_PATHS = (
					"$(inherited)",
					"@executable_path/Frameworks",
				);
				MARKETING_VERSION = 1.0;
				PRODUCT_BUNDLE_IDENTIFIER = com.bikmurzin.WeatherApp;
				PRODUCT_NAME = "$(TARGET_NAME)";
				SWIFT_EMIT_LOC_STRINGS = YES;
				SWIFT_VERSION = 5.0;
				TARGETED_DEVICE_FAMILY = "1,2";
			};
			name = Release;
		};
/* End XCBuildConfiguration section */

/* Begin XCConfigurationList section */
		CEA0BC3B2A4AB40D002E1911 /* Build configuration list for PBXProject "WeatherApp" */ = {
			isa = XCConfigurationList;
			buildConfigurations = (
				CEA0BC552A4AB40F002E1911 /* Debug */,
				CEA0BC562A4AB40F002E1911 /* Release */,
			);
			defaultConfigurationIsVisible = 0;
			defaultConfigurationName = Release;
		};
		CEA0BC572A4AB40F002E1911 /* Build configuration list for PBXNativeTarget "WeatherApp" */ = {
			isa = XCConfigurationList;
			buildConfigurations = (
				CEA0BC582A4AB40F002E1911 /* Debug */,
				CEA0BC592A4AB40F002E1911 /* Release */,
			);
			defaultConfigurationIsVisible = 0;
			defaultConfigurationName = Release;
		};
/* End XCConfigurationList section */

/* Begin XCRemoteSwiftPackageReference section */
		70F9B8742AD867C800BE24F4 /* XCRemoteSwiftPackageReference "SnapKit" */ = {
			isa = XCRemoteSwiftPackageReference;
			repositoryURL = "https://github.com/SnapKit/SnapKit.git";
			requirement = {
				kind = upToNextMajorVersion;
				minimumVersion = 5.6.0;
			};
		};
		CEA0BC5A2A4AB42A002E1911 /* XCRemoteSwiftPackageReference "Alamofire" */ = {
			isa = XCRemoteSwiftPackageReference;
			repositoryURL = "https://github.com/Alamofire/Alamofire";
			requirement = {
				branch = master;
				kind = branch;
			};
		};
/* End XCRemoteSwiftPackageReference section */

/* Begin XCSwiftPackageProductDependency section */
		70F9B8752AD867C800BE24F4 /* SnapKit */ = {
			isa = XCSwiftPackageProductDependency;
			package = 70F9B8742AD867C800BE24F4 /* XCRemoteSwiftPackageReference "SnapKit" */;
			productName = SnapKit;
		};
		70F9B8772AD867C800BE24F4 /* SnapKit-Dynamic */ = {
			isa = XCSwiftPackageProductDependency;
			package = 70F9B8742AD867C800BE24F4 /* XCRemoteSwiftPackageReference "SnapKit" */;
			productName = "SnapKit-Dynamic";
		};
		CEA0BC5B2A4AB42A002E1911 /* Alamofire */ = {
			isa = XCSwiftPackageProductDependency;
			package = CEA0BC5A2A4AB42A002E1911 /* XCRemoteSwiftPackageReference "Alamofire" */;
			productName = Alamofire;
		};
/* End XCSwiftPackageProductDependency section */
	};
	rootObject = CEA0BC382A4AB40D002E1911 /* Project object */;
}
